
Microsoft Visual Studio Solution File, Format Version 12.00
# Visual Studio Version 17
VisualStudioVersion = 17.8.34309.116
MinimumVisualStudioVersion = 10.0.40219.1
Project("{FAE04EC0-301F-11D3-BF4B-00C04F79EFBC}") = "Ecommerce", "Ecommerce.csproj", "{663ED93A-1AE0-46C0-9B90-AA1D614736EE}"
EndProject
Global
	GlobalSection(SolutionConfigurationPlatforms) = preSolution
		Debug|Any CPU = Debug|Any CPU
		Release|Any CPU = Release|Any CPU
	EndGlobalSection
	GlobalSection(ProjectConfigurationPlatforms) = postSolution
		{663ED93A-1AE0-46C0-9B90-AA1D614736EE}.Debug|Any CPU.ActiveCfg = Debug|Any CPU
		{663ED93A-1AE0-46C0-9B90-AA1D614736EE}.Debug|Any CPU.Build.0 = Debug|Any CPU
		{663ED93A-1AE0-46C0-9B90-AA1D614736EE}.Release|Any CPU.ActiveCfg = Release|Any CPU
		{663ED93A-1AE0-46C0-9B90-AA1D614736EE}.Release|Any CPU.Build.0 = Release|Any CPU
	EndGlobalSection
	GlobalSection(SolutionProperties) = preSolution
		HideSolutionNode = FALSE
	EndGlobalSection
	GlobalSection(ExtensibilityGlobals) = postSolution
		SolutionGuid = {1C374790-30AB-4FBA-A0A8-4381CF92FDA1}
	EndGlobalSection
EndGlobal
